
Microsoft Visual Studio Solution File, Format Version 10.00
# Visual C++ Express 2008
Project("{8BC9CEB8-8B4A-11D0-8D11-00A0C91BC942}") = "ReadParamCls", "ReadParamCls\ReadParamCls.vcproj", "{E966F638-FCE8-4773-85AB-26037970F230}"
EndProject
Global
	GlobalSection(SolutionConfigurationPlatforms) = preSolution
		Debug|Win32 = Debug|Win32
		Release|Win32 = Release|Win32
	EndGlobalSection
	GlobalSection(ProjectConfigurationPlatforms) = postSolution
		{E966F638-FCE8-4773-85AB-26037970F230}.Debug|Win32.ActiveCfg = Debug|Win32
		{E966F638-FCE8-4773-85AB-26037970F230}.Debug|Win32.Build.0 = Debug|Win32
		{E966F638-FCE8-4773-85AB-26037970F230}.Release|Win32.ActiveCfg = Release|Win32
		{E966F638-FCE8-4773-85AB-26037970F230}.Release|Win32.Build.0 = Release|Win32
	EndGlobalSection
	GlobalSection(SolutionProperties) = preSolution
		HideSolutionNode = FALSE
	EndGlobalSection
EndGlobal
